
Microsoft Visual Studio Solution File, Format Version 12.00
# Visual Studio Version 17
VisualStudioVersion = 17.9.34902.65
MinimumVisualStudioVersion = 10.0.40219.1
Project("{2150E333-8FDC-42A3-9474-1A3956D46DE8}") = "src", "src", "{C18CE23A-6CAB-4101-954C-859997A9D069}"
EndProject
Project("{2150E333-8FDC-42A3-9474-1A3956D46DE8}") = "NET8.Demo.GlobalAdmin", "NET8.Demo.GlobalAdmin", "{4EC205DC-F660-42BD-9855-FEC43111C2D8}"
EndProject
Project("{2150E333-8FDC-42A3-9474-1A3956D46DE8}") = "frontend", "frontend", "{C0E4C76E-1125-4CD0-A039-A7FBAACB5BC3}"
EndProject
Project("{9A19103F-16F7-4668-BE54-9A1E7A4F7556}") = "NET8.Demo.GlobalAdmin", "src\NET8.Demo.GlobalAdmin\NET8.Demo.GlobalAdmin\NET8.Demo.GlobalAdmin.csproj", "{3AE9F91C-F987-433D-8C4E-5B4C8886A66B}"
EndProject
Project("{9A19103F-16F7-4668-BE54-9A1E7A4F7556}") = "NET8.Demo.GlobalAdmin.Application", "src\NET8.Demo.GlobalAdmin\NET8.Demo.GlobalAdmin.Application\NET8.Demo.GlobalAdmin.Application.csproj", "{3E7BB5B8-4188-4166-92EB-D0DF6B7D2E03}"
EndProject
Project("{9A19103F-16F7-4668-BE54-9A1E7A4F7556}") = "NET8.Demo.GlobalAdmin.Application.Contracts", "src\NET8.Demo.GlobalAdmin\NET8.Demo.GlobalAdmin.Application.Contracts\NET8.Demo.GlobalAdmin.Application.Contracts.csproj", "{09C7D065-8ECA-41C5-A3B2-BDE9B765F439}"
EndProject
Project("{9A19103F-16F7-4668-BE54-9A1E7A4F7556}") = "NET8.Demo.GlobalAdmin.Domain", "src\NET8.Demo.GlobalAdmin\NET8.Demo.GlobalAdmin.Domain\NET8.Demo.GlobalAdmin.Domain.csproj", "{2A743252-3D31-4329-A5B3-8667CD111FF2}"
EndProject
Project("{9A19103F-16F7-4668-BE54-9A1E7A4F7556}") = "NET8.Demo.GlobalAdmin.Domain.Shared", "src\NET8.Demo.GlobalAdmin\NET8.Demo.GlobalAdmin.Domain.Shared\NET8.Demo.GlobalAdmin.Domain.Shared.csproj", "{4CBD911B-BE56-4418-85DC-6CDDABCA3666}"
EndProject
Project("{9A19103F-16F7-4668-BE54-9A1E7A4F7556}") = "NET8.Demo.GlobalAdmin.Core", "src\NET8.Demo.GlobalAdmin\NET8.Demo.GlobalAdmin.Core\NET8.Demo.GlobalAdmin.Core.csproj", "{DF4B28E7-F28E-421A-A0F0-402D040344ED}"
EndProject
Project("{54A90642-561A-4BB1-A94E-469ADEE60C69}") = "app1", "frontend\app1\app1.esproj", "{4233D5A1-C088-4E72-A31F-1E8503C7CCAC}"
EndProject
Project("{54A90642-561A-4BB1-A94E-469ADEE60C69}") = "app2", "frontend\app2\app2.esproj", "{4A4C489E-F590-402E-B8FE-18144112A423}"
EndProject
Project("{2150E333-8FDC-42A3-9474-1A3956D46DE8}") = "NET8.Demo.TemplateServiceService", "NET8.Demo.TemplateServiceService", "{552939DC-6323-4A58-99BB-17CAE25CB901}"
EndProject
Project("{9A19103F-16F7-4668-BE54-9A1E7A4F7556}") = "NET8.Demo.TemplateService", "src\NET8.Demo.TemplateServiceService\NET8.Demo.TemplateService\NET8.Demo.TemplateService.csproj", "{D0A14877-3D34-473D-A0E0-79F3AAA3BAC5}"
EndProject
Project("{9A19103F-16F7-4668-BE54-9A1E7A4F7556}") = "NET8.Demo.TemplateService.Application", "src\NET8.Demo.TemplateServiceService\NET8.Demo.TemplateService.Application\NET8.Demo.TemplateService.Application.csproj", "{54C8DCBD-78B8-43F9-ABE6-D0831B1708FF}"
EndProject
Project("{9A19103F-16F7-4668-BE54-9A1E7A4F7556}") = "NET8.Demo.TemplateService.Application.Contracts", "src\NET8.Demo.TemplateServiceService\NET8.Demo.TemplateService.Application.Contracts\NET8.Demo.TemplateService.Application.Contracts.csproj", "{D64E453B-AD73-4A17-8BEB-C802257CA1F2}"
EndProject
Project("{9A19103F-16F7-4668-BE54-9A1E7A4F7556}") = "NET8.Demo.TemplateService.Core", "src\NET8.Demo.TemplateServiceService\NET8.Demo.TemplateService.Core\NET8.Demo.TemplateService.Core.csproj", "{FB07E1EA-3847-4EFB-B41A-3FEB4C39BAD0}"
EndProject
Project("{9A19103F-16F7-4668-BE54-9A1E7A4F7556}") = "NET8.Demo.TemplateService.Domain", "src\NET8.Demo.TemplateServiceService\NET8.Demo.TemplateService.Domain\NET8.Demo.TemplateService.Domain.csproj", "{ED003476-4219-453D-AE8F-CFC1CE44F90E}"
EndProject
Project("{9A19103F-16F7-4668-BE54-9A1E7A4F7556}") = "NET8.Demo.TemplateService.Domain.Shared", "src\NET8.Demo.TemplateServiceService\NET8.Demo.TemplateService.Domain.Shared\NET8.Demo.TemplateService.Domain.Shared.csproj", "{CC6CBB8F-25AD-4720-BCCE-2DCD5163A469}"
EndProject
Project("{2150E333-8FDC-42A3-9474-1A3956D46DE8}") = "NET8.Demo.Shared", "NET8.Demo.Shared", "{AD9CC2DA-32F4-435D-8D7F-CF92802C20AE}"
EndProject
Project("{9A19103F-16F7-4668-BE54-9A1E7A4F7556}") = "NET8.Demo.Shared", "src\NET8.Demo.Shared\NET8.Demo.Shared\NET8.Demo.Shared.csproj", "{3CDCC026-5A3F-4B52-88C3-34BAA9844394}"
EndProject
Project("{9A19103F-16F7-4668-BE54-9A1E7A4F7556}") = "NET8.Demo.RemoteServices", "src\NET8.Demo.Shared\NET8.Demo.RemoteService\NET8.Demo.RemoteServices.csproj", "{DCD009F7-0E79-40BE-BEB8-B00B1A92E931}"
EndProject
Global
	GlobalSection(SolutionConfigurationPlatforms) = preSolution
		Debug|Any CPU = Debug|Any CPU
		Release|Any CPU = Release|Any CPU
	EndGlobalSection
	GlobalSection(ProjectConfigurationPlatforms) = postSolution
		{3AE9F91C-F987-433D-8C4E-5B4C8886A66B}.Debug|Any CPU.ActiveCfg = Debug|Any CPU
		{3AE9F91C-F987-433D-8C4E-5B4C8886A66B}.Debug|Any CPU.Build.0 = Debug|Any CPU
		{3AE9F91C-F987-433D-8C4E-5B4C8886A66B}.Release|Any CPU.ActiveCfg = Release|Any CPU
		{3AE9F91C-F987-433D-8C4E-5B4C8886A66B}.Release|Any CPU.Build.0 = Release|Any CPU
		{3E7BB5B8-4188-4166-92EB-D0DF6B7D2E03}.Debug|Any CPU.ActiveCfg = Debug|Any CPU
		{3E7BB5B8-4188-4166-92EB-D0DF6B7D2E03}.Debug|Any CPU.Build.0 = Debug|Any CPU
		{3E7BB5B8-4188-4166-92EB-D0DF6B7D2E03}.Release|Any CPU.ActiveCfg = Release|Any CPU
		{3E7BB5B8-4188-4166-92EB-D0DF6B7D2E03}.Release|Any CPU.Build.0 = Release|Any CPU
		{09C7D065-8ECA-41C5-A3B2-BDE9B765F439}.Debug|Any CPU.ActiveCfg = Debug|Any CPU
		{09C7D065-8ECA-41C5-A3B2-BDE9B765F439}.Debug|Any CPU.Build.0 = Debug|Any CPU
		{09C7D065-8ECA-41C5-A3B2-BDE9B765F439}.Release|Any CPU.ActiveCfg = Release|Any CPU
		{09C7D065-8ECA-41C5-A3B2-BDE9B765F439}.Release|Any CPU.Build.0 = Release|Any CPU
		{2A743252-3D31-4329-A5B3-8667CD111FF2}.Debug|Any CPU.ActiveCfg = Debug|Any CPU
		{2A743252-3D31-4329-A5B3-8667CD111FF2}.Debug|Any CPU.Build.0 = Debug|Any CPU
		{2A743252-3D31-4329-A5B3-8667CD111FF2}.Release|Any CPU.ActiveCfg = Release|Any CPU
		{2A743252-3D31-4329-A5B3-8667CD111FF2}.Release|Any CPU.Build.0 = Release|Any CPU
		{4CBD911B-BE56-4418-85DC-6CDDABCA3666}.Debug|Any CPU.ActiveCfg = Debug|Any CPU
		{4CBD911B-BE56-4418-85DC-6CDDABCA3666}.Debug|Any CPU.Build.0 = Debug|Any CPU
		{4CBD911B-BE56-4418-85DC-6CDDABCA3666}.Release|Any CPU.ActiveCfg = Release|Any CPU
		{4CBD911B-BE56-4418-85DC-6CDDABCA3666}.Release|Any CPU.Build.0 = Release|Any CPU
		{DF4B28E7-F28E-421A-A0F0-402D040344ED}.Debug|Any CPU.ActiveCfg = Debug|Any CPU
		{DF4B28E7-F28E-421A-A0F0-402D040344ED}.Debug|Any CPU.Build.0 = Debug|Any CPU
		{DF4B28E7-F28E-421A-A0F0-402D040344ED}.Release|Any CPU.ActiveCfg = Release|Any CPU
		{DF4B28E7-F28E-421A-A0F0-402D040344ED}.Release|Any CPU.Build.0 = Release|Any CPU
		{4233D5A1-C088-4E72-A31F-1E8503C7CCAC}.Debug|Any CPU.ActiveCfg = Debug|Any CPU
		{4233D5A1-C088-4E72-A31F-1E8503C7CCAC}.Debug|Any CPU.Build.0 = Debug|Any CPU
		{4233D5A1-C088-4E72-A31F-1E8503C7CCAC}.Debug|Any CPU.Deploy.0 = Debug|Any CPU
		{4233D5A1-C088-4E72-A31F-1E8503C7CCAC}.Release|Any CPU.ActiveCfg = Release|Any CPU
		{4233D5A1-C088-4E72-A31F-1E8503C7CCAC}.Release|Any CPU.Build.0 = Release|Any CPU
		{4233D5A1-C088-4E72-A31F-1E8503C7CCAC}.Release|Any CPU.Deploy.0 = Release|Any CPU
		{4A4C489E-F590-402E-B8FE-18144112A423}.Debug|Any CPU.ActiveCfg = Debug|Any CPU
		{4A4C489E-F590-402E-B8FE-18144112A423}.Debug|Any CPU.Build.0 = Debug|Any CPU
		{4A4C489E-F590-402E-B8FE-18144112A423}.Debug|Any CPU.Deploy.0 = Debug|Any CPU
		{4A4C489E-F590-402E-B8FE-18144112A423}.Release|Any CPU.ActiveCfg = Release|Any CPU
		{4A4C489E-F590-402E-B8FE-18144112A423}.Release|Any CPU.Build.0 = Release|Any CPU
		{4A4C489E-F590-402E-B8FE-18144112A423}.Release|Any CPU.Deploy.0 = Release|Any CPU
		{D0A14877-3D34-473D-A0E0-79F3AAA3BAC5}.Debug|Any CPU.ActiveCfg = Debug|Any CPU
		{D0A14877-3D34-473D-A0E0-79F3AAA3BAC5}.Debug|Any CPU.Build.0 = Debug|Any CPU
		{D0A14877-3D34-473D-A0E0-79F3AAA3BAC5}.Release|Any CPU.ActiveCfg = Release|Any CPU
		{D0A14877-3D34-473D-A0E0-79F3AAA3BAC5}.Release|Any CPU.Build.0 = Release|Any CPU
		{54C8DCBD-78B8-43F9-ABE6-D0831B1708FF}.Debug|Any CPU.ActiveCfg = Debug|Any CPU
		{54C8DCBD-78B8-43F9-ABE6-D0831B1708FF}.Debug|Any CPU.Build.0 = Debug|Any CPU
		{54C8DCBD-78B8-43F9-ABE6-D0831B1708FF}.Release|Any CPU.ActiveCfg = Release|Any CPU
		{54C8DCBD-78B8-43F9-ABE6-D0831B1708FF}.Release|Any CPU.Build.0 = Release|Any CPU
		{D64E453B-AD73-4A17-8BEB-C802257CA1F2}.Debug|Any CPU.ActiveCfg = Debug|Any CPU
		{D64E453B-AD73-4A17-8BEB-C802257CA1F2}.Debug|Any CPU.Build.0 = Debug|Any CPU
		{D64E453B-AD73-4A17-8BEB-C802257CA1F2}.Release|Any CPU.ActiveCfg = Release|Any CPU
		{D64E453B-AD73-4A17-8BEB-C802257CA1F2}.Release|Any CPU.Build.0 = Release|Any CPU
		{FB07E1EA-3847-4EFB-B41A-3FEB4C39BAD0}.Debug|Any CPU.ActiveCfg = Debug|Any CPU
		{FB07E1EA-3847-4EFB-B41A-3FEB4C39BAD0}.Debug|Any CPU.Build.0 = Debug|Any CPU
		{FB07E1EA-3847-4EFB-B41A-3FEB4C39BAD0}.Release|Any CPU.ActiveCfg = Release|Any CPU
		{FB07E1EA-3847-4EFB-B41A-3FEB4C39BAD0}.Release|Any CPU.Build.0 = Release|Any CPU
		{ED003476-4219-453D-AE8F-CFC1CE44F90E}.Debug|Any CPU.ActiveCfg = Debug|Any CPU
		{ED003476-4219-453D-AE8F-CFC1CE44F90E}.Debug|Any CPU.Build.0 = Debug|Any CPU
		{ED003476-4219-453D-AE8F-CFC1CE44F90E}.Release|Any CPU.ActiveCfg = Release|Any CPU
		{ED003476-4219-453D-AE8F-CFC1CE44F90E}.Release|Any CPU.Build.0 = Release|Any CPU
		{CC6CBB8F-25AD-4720-BCCE-2DCD5163A469}.Debug|Any CPU.ActiveCfg = Debug|Any CPU
		{CC6CBB8F-25AD-4720-BCCE-2DCD5163A469}.Debug|Any CPU.Build.0 = Debug|Any CPU
		{CC6CBB8F-25AD-4720-BCCE-2DCD5163A469}.Release|Any CPU.ActiveCfg = Release|Any CPU
		{CC6CBB8F-25AD-4720-BCCE-2DCD5163A469}.Release|Any CPU.Build.0 = Release|Any CPU
		{3CDCC026-5A3F-4B52-88C3-34BAA9844394}.Debug|Any CPU.ActiveCfg = Debug|Any CPU
		{3CDCC026-5A3F-4B52-88C3-34BAA9844394}.Debug|Any CPU.Build.0 = Debug|Any CPU
		{3CDCC026-5A3F-4B52-88C3-34BAA9844394}.Release|Any CPU.ActiveCfg = Release|Any CPU
		{3CDCC026-5A3F-4B52-88C3-34BAA9844394}.Release|Any CPU.Build.0 = Release|Any CPU
		{DCD009F7-0E79-40BE-BEB8-B00B1A92E931}.Debug|Any CPU.ActiveCfg = Debug|Any CPU
		{DCD009F7-0E79-40BE-BEB8-B00B1A92E931}.Debug|Any CPU.Build.0 = Debug|Any CPU
		{DCD009F7-0E79-40BE-BEB8-B00B1A92E931}.Release|Any CPU.ActiveCfg = Release|Any CPU
		{DCD009F7-0E79-40BE-BEB8-B00B1A92E931}.Release|Any CPU.Build.0 = Release|Any CPU
	EndGlobalSection
	GlobalSection(SolutionProperties) = preSolution
		HideSolutionNode = FALSE
	EndGlobalSection
	GlobalSection(NestedProjects) = preSolution
		{4EC205DC-F660-42BD-9855-FEC43111C2D8} = {C18CE23A-6CAB-4101-954C-859997A9D069}
		{3AE9F91C-F987-433D-8C4E-5B4C8886A66B} = {4EC205DC-F660-42BD-9855-FEC43111C2D8}
		{3E7BB5B8-4188-4166-92EB-D0DF6B7D2E03} = {4EC205DC-F660-42BD-9855-FEC43111C2D8}
		{09C7D065-8ECA-41C5-A3B2-BDE9B765F439} = {4EC205DC-F660-42BD-9855-FEC43111C2D8}
		{2A743252-3D31-4329-A5B3-8667CD111FF2} = {4EC205DC-F660-42BD-9855-FEC43111C2D8}
		{4CBD911B-BE56-4418-85DC-6CDDABCA3666} = {4EC205DC-F660-42BD-9855-FEC43111C2D8}
		{DF4B28E7-F28E-421A-A0F0-402D040344ED} = {4EC205DC-F660-42BD-9855-FEC43111C2D8}
		{4233D5A1-C088-4E72-A31F-1E8503C7CCAC} = {C0E4C76E-1125-4CD0-A039-A7FBAACB5BC3}
		{4A4C489E-F590-402E-B8FE-18144112A423} = {C0E4C76E-1125-4CD0-A039-A7FBAACB5BC3}
		{552939DC-6323-4A58-99BB-17CAE25CB901} = {C18CE23A-6CAB-4101-954C-859997A9D069}
		{D0A14877-3D34-473D-A0E0-79F3AAA3BAC5} = {552939DC-6323-4A58-99BB-17CAE25CB901}
		{54C8DCBD-78B8-43F9-ABE6-D0831B1708FF} = {552939DC-6323-4A58-99BB-17CAE25CB901}
		{D64E453B-AD73-4A17-8BEB-C802257CA1F2} = {552939DC-6323-4A58-99BB-17CAE25CB901}
		{FB07E1EA-3847-4EFB-B41A-3FEB4C39BAD0} = {552939DC-6323-4A58-99BB-17CAE25CB901}
		{ED003476-4219-453D-AE8F-CFC1CE44F90E} = {552939DC-6323-4A58-99BB-17CAE25CB901}
		{CC6CBB8F-25AD-4720-BCCE-2DCD5163A469} = {552939DC-6323-4A58-99BB-17CAE25CB901}
		{AD9CC2DA-32F4-435D-8D7F-CF92802C20AE} = {C18CE23A-6CAB-4101-954C-859997A9D069}
		{3CDCC026-5A3F-4B52-88C3-34BAA9844394} = {AD9CC2DA-32F4-435D-8D7F-CF92802C20AE}
		{DCD009F7-0E79-40BE-BEB8-B00B1A92E931} = {AD9CC2DA-32F4-435D-8D7F-CF92802C20AE}
	EndGlobalSection
	GlobalSection(ExtensibilityGlobals) = postSolution
		SolutionGuid = {78663164-9760-428A-9545-DF16408C3CFA}
	EndGlobalSection
EndGlobal
